
Microsoft Visual Studio Solution File, Format Version 12.00
Project("{FAE04EC0-301F-11D3-BF4B-00C04F79EFBC}") = "ConcertAggregator", "ConcertAggregator\ConcertAggregator.csproj", "{53FA5C00-1D0B-4967-B593-D48A59E521C0}"
EndProject
Project("{FAE04EC0-301F-11D3-BF4B-00C04F79EFBC}") = "ConcertTests", "ConcertTests\ConcertTests.csproj", "{387F9E23-6121-4DB6-BE71-CF51CAEA5742}"
EndProject
Global
	GlobalSection(SolutionConfigurationPlatforms) = preSolution
		Debug|Any CPU = Debug|Any CPU
		Release|Any CPU = Release|Any CPU
	EndGlobalSection
	GlobalSection(ProjectConfigurationPlatforms) = postSolution
		{53FA5C00-1D0B-4967-B593-D48A59E521C0}.Debug|Any CPU.ActiveCfg = Debug|Any CPU
		{53FA5C00-1D0B-4967-B593-D48A59E521C0}.Debug|Any CPU.Build.0 = Debug|Any CPU
		{53FA5C00-1D0B-4967-B593-D48A59E521C0}.Release|Any CPU.ActiveCfg = Release|Any CPU
		{53FA5C00-1D0B-4967-B593-D48A59E521C0}.Release|Any CPU.Build.0 = Release|Any CPU
		{387F9E23-6121-4DB6-BE71-CF51CAEA5742}.Debug|Any CPU.ActiveCfg = Debug|Any CPU
		{387F9E23-6121-4DB6-BE71-CF51CAEA5742}.Debug|Any CPU.Build.0 = Debug|Any CPU
		{387F9E23-6121-4DB6-BE71-CF51CAEA5742}.Release|Any CPU.ActiveCfg = Release|Any CPU
		{387F9E23-6121-4DB6-BE71-CF51CAEA5742}.Release|Any CPU.Build.0 = Release|Any CPU
	EndGlobalSection
EndGlobal
